
Microsoft Visual Studio Solution File, Format Version 12.00
# Visual Studio Version 16
VisualStudioVersion = 16.0.29411.108
MinimumVisualStudioVersion = 10.0.40219.1
Project("{FAE04EC0-301F-11D3-BF4B-00C04F79EFBC}") = "EuclideanAlgorithm", "EuclideanAlgorithm.csproj", "{6FD45EB0-5F83-4099-9719-16B886ED9DA2}"
EndProject
Global
	GlobalSection(SolutionConfigurationPlatforms) = preSolution
		Debug|Any CPU = Debug|Any CPU
		Release|Any CPU = Release|Any CPU
	EndGlobalSection
	GlobalSection(ProjectConfigurationPlatforms) = postSolution
		{6FD45EB0-5F83-4099-9719-16B886ED9DA2}.Debug|Any CPU.ActiveCfg = Debug|Any CPU
		{6FD45EB0-5F83-4099-9719-16B886ED9DA2}.Debug|Any CPU.Build.0 = Debug|Any CPU
		{6FD45EB0-5F83-4099-9719-16B886ED9DA2}.Release|Any CPU.ActiveCfg = Release|Any CPU
		{6FD45EB0-5F83-4099-9719-16B886ED9DA2}.Release|Any CPU.Build.0 = Release|Any CPU
	EndGlobalSection
	GlobalSection(SolutionProperties) = preSolution
		HideSolutionNode = FALSE
	EndGlobalSection
	GlobalSection(ExtensibilityGlobals) = postSolution
		SolutionGuid = {DE8154D7-2049-473D-A937-D5B4AB67C808}
	EndGlobalSection
EndGlobal
